
Microsoft Visual Studio Solution File, Format Version 12.00
# Visual Studio Version 16
VisualStudioVersion = 16.0.30907.101
MinimumVisualStudioVersion = 10.0.40219.1
Project("{FAE04EC0-301F-11D3-BF4B-00C04F79EFBC}") = "Mergery_0.0", "Mergery_0.0\Mergery_0.0.csproj", "{4EFE359D-0696-443D-963C-91B856E5C941}"
EndProject
Global
	GlobalSection(SolutionConfigurationPlatforms) = preSolution
		Debug|Any CPU = Debug|Any CPU
		Release|Any CPU = Release|Any CPU
	EndGlobalSection
	GlobalSection(ProjectConfigurationPlatforms) = postSolution
		{4EFE359D-0696-443D-963C-91B856E5C941}.Debug|Any CPU.ActiveCfg = Debug|Any CPU
		{4EFE359D-0696-443D-963C-91B856E5C941}.Debug|Any CPU.Build.0 = Debug|Any CPU
		{4EFE359D-0696-443D-963C-91B856E5C941}.Release|Any CPU.ActiveCfg = Release|Any CPU
		{4EFE359D-0696-443D-963C-91B856E5C941}.Release|Any CPU.Build.0 = Release|Any CPU
	EndGlobalSection
	GlobalSection(SolutionProperties) = preSolution
		HideSolutionNode = FALSE
	EndGlobalSection
	GlobalSection(ExtensibilityGlobals) = postSolution
		SolutionGuid = {06FCC1B3-E6A0-4F6E-AB23-18A9C0EF6BC8}
	EndGlobalSection
EndGlobal
